
Microsoft Visual Studio Solution File, Format Version 12.00
# Visual Studio Version 16
VisualStudioVersion = 16.0.29613.14
MinimumVisualStudioVersion = 10.0.40219.1
Project("{FAE04EC0-301F-11D3-BF4B-00C04F79EFBC}") = "OAuth_Google", "OAuth_Google.csproj", "{D3D34F68-10AC-4035-A899-96358C4776FD}"
EndProject
Global
	GlobalSection(SolutionConfigurationPlatforms) = preSolution
		Debug|Any CPU = Debug|Any CPU
		Release|Any CPU = Release|Any CPU
	EndGlobalSection
	GlobalSection(ProjectConfigurationPlatforms) = postSolution
		{D3D34F68-10AC-4035-A899-96358C4776FD}.Debug|Any CPU.ActiveCfg = Debug|Any CPU
		{D3D34F68-10AC-4035-A899-96358C4776FD}.Debug|Any CPU.Build.0 = Debug|Any CPU
		{D3D34F68-10AC-4035-A899-96358C4776FD}.Release|Any CPU.ActiveCfg = Release|Any CPU
		{D3D34F68-10AC-4035-A899-96358C4776FD}.Release|Any CPU.Build.0 = Release|Any CPU
	EndGlobalSection
	GlobalSection(SolutionProperties) = preSolution
		HideSolutionNode = FALSE
	EndGlobalSection
	GlobalSection(ExtensibilityGlobals) = postSolution
		SolutionGuid = {1A17BDEB-5298-42CC-9B9C-049FB3C6C803}
	EndGlobalSection
EndGlobal
